// !$*UTF8*$!
{
	archiveVersion = 1;
	classes = {
	};
	objectVersion = 48;
	objects = {

/* Begin PBXBuildFile section */
		361A715720E3D66100A746FB /* AppDelegate.swift in Sources */ = {isa = PBXBuildFile; fileRef = 361A715620E3D66100A746FB /* AppDelegate.swift */; };
		361A715920E3D66100A746FB /* ViewController.swift in Sources */ = {isa = PBXBuildFile; fileRef = 361A715820E3D66100A746FB /* ViewController.swift */; };
		361A715C20E3D66100A746FB /* Main.storyboard in Resources */ = {isa = PBXBuildFile; fileRef = 361A715A20E3D66100A746FB /* Main.storyboard */; };
		361A715E20E3D66100A746FB /* Assets.xcassets in Resources */ = {isa = PBXBuildFile; fileRef = 361A715D20E3D66100A746FB /* Assets.xcassets */; };
		361A716120E3D66100A746FB /* LaunchScreen.storyboard in Resources */ = {isa = PBXBuildFile; fileRef = 361A715F20E3D66100A746FB /* LaunchScreen.storyboard */; };
		361A716C20E3D66200A746FB /* SetTests.swift in Sources */ = {isa = PBXBuildFile; fileRef = 361A716B20E3D66200A746FB /* SetTests.swift */; };
		361A717720E3D66200A746FB /* SetUITests.swift in Sources */ = {isa = PBXBuildFile; fileRef = 361A717620E3D66200A746FB /* SetUITests.swift */; };
		36A0BEC120E55E7D000B80CD /* Set.swift in Sources */ = {isa = PBXBuildFile; fileRef = 36A0BEC020E55E7D000B80CD /* Set.swift */; };
		36A0BEC320E55EB4000B80CD /* Card.swift in Sources */ = {isa = PBXBuildFile; fileRef = 36A0BEC220E55EB4000B80CD /* Card.swift */; };
/* End PBXBuildFile section */

/* Begin PBXContainerItemProxy section */
		361A716820E3D66200A746FB /* PBXContainerItemProxy */ = {
			isa = PBXContainerItemProxy;
			containerPortal = 361A714B20E3D66100A746FB /* Project object */;
			proxyType = 1;
			remoteGlobalIDString = 361A715220E3D66100A746FB;
			remoteInfo = Set;
		};
		361A717320E3D66200A746FB /* PBXContainerItemProxy */ = {
			isa = PBXContainerItemProxy;
			containerPortal = 361A714B20E3D66100A746FB /* Project object */;
			proxyType = 1;
			remoteGlobalIDString = 361A715220E3D66100A746FB;
			remoteInfo = Set;
		};
/* End PBXContainerItemProxy section */

/* Begin PBXFileReference section */
		361A715320E3D66100A746FB /* Set.app */ = {isa = PBXFileReference; explicitFileType = wrapper.application; includeInIndex = 0; path = Set.app; sourceTree = BUILT_PRODUCTS_DIR; };
		361A715620E3D66100A746FB /* AppDelegate.swift */ = {isa = PBXFileReference; lastKnownFileType = sourcecode.swift; path = AppDelegate.swift; sourceTree = "<group>"; };
		361A715820E3D66100A746FB /* ViewController.swift */ = {isa = PBXFileReference; lastKnownFileType = sourcecode.swift; path = ViewController.swift; sourceTree = "<group>"; };
		361A715B20E3D66100A746FB /* Base */ = {isa = PBXFileReference; lastKnownFileType = file.storyboard; name = Base; path = Base.lproj/Main.storyboard; sourceTree = "<group>"; };
		361A715D20E3D66100A746FB /* Assets.xcassets */ = {isa = PBXFileReference; lastKnownFileType = folder.assetcatalog; path = Assets.xcassets; sourceTree = "<group>"; };
		361A716020E3D66100A746FB /* Base */ = {isa = PBXFileReference; lastKnownFileType = file.storyboard; name = Base; path = Base.lproj/LaunchScreen.storyboard; sourceTree = "<group>"; };
		361A716220E3D66200A746FB /* Info.plist */ = {isa = PBXFileReference; lastKnownFileType = text.plist.xml; path = Info.plist; sourceTree = "<group>"; };
		361A716720E3D66200A746FB /* SetTests.xctest */ = {isa = PBXFileReference; explicitFileType = wrapper.cfbundle; includeInIndex = 0; path = SetTests.xctest; sourceTree = BUILT_PRODUCTS_DIR; };
		361A716B20E3D66200A746FB /* SetTests.swift */ = {isa = PBXFileReference; lastKnownFileType = sourcecode.swift; path = SetTests.swift; sourceTree = "<group>"; };
		361A716D20E3D66200A746FB /* Info.plist */ = {isa = PBXFileReference; lastKnownFileType = text.plist.xml; path = Info.plist; sourceTree = "<group>"; };
		361A717220E3D66200A746FB /* SetUITests.xctest */ = {isa = PBXFileReference; explicitFileType = wrapper.cfbundle; includeInIndex = 0; path = SetUITests.xctest; sourceTree = BUILT_PRODUCTS_DIR; };
		361A717620E3D66200A746FB /* SetUITests.swift */ = {isa = PBXFileReference; lastKnownFileType = sourcecode.swift; path = SetUITests.swift; sourceTree = "<group>"; };
		361A717820E3D66200A746FB /* Info.plist */ = {isa = PBXFileReference; lastKnownFileType = text.plist.xml; path = Info.plist; sourceTree = "<group>"; };
		36A0BEC020E55E7D000B80CD /* Set.swift */ = {isa = PBXFileReference; lastKnownFileType = sourcecode.swift; path = Set.swift; sourceTree = "<group>"; };
		36A0BEC220E55EB4000B80CD /* Card.swift */ = {isa = PBXFileReference; lastKnownFileType = sourcecode.swift; path = Card.swift; sourceTree = "<group>"; };
/* End PBXFileReference section */

/* Begin PBXFrameworksBuildPhase section */
		361A715020E3D66100A746FB /* Frameworks */ = {
			isa = PBXFrameworksBuildPhase;
			buildActionMask = 2147483647;
			files = (
			);
			runOnlyForDeploymentPostprocessing = 0;
		};
		361A716420E3D66200A746FB /* Frameworks */ = {
			isa = PBXFrameworksBuildPhase;
			buildActionMask = 2147483647;
			files = (
			);
			runOnlyForDeploymentPostprocessing = 0;
		};
		361A716F20E3D66200A746FB /* Frameworks */ = {
			isa = PBXFrameworksBuildPhase;
			buildActionMask = 2147483647;
			files = (
			);
			runOnlyForDeploymentPostprocessing = 0;
		};
/* End PBXFrameworksBuildPhase section */

/* Begin PBXGroup section */
		361A714A20E3D66100A746FB = {
			isa = PBXGroup;
			children = (
				361A715520E3D66100A746FB /* Set */,
				361A716A20E3D66200A746FB /* SetTests */,
				361A717520E3D66200A746FB /* SetUITests */,
				361A715420E3D66100A746FB /* Products */,
			);
			sourceTree = "<group>";
		};
		361A715420E3D66100A746FB /* Products */ = {
			isa = PBXGroup;
			children = (
				361A715320E3D66100A746FB /* Set.app */,
				361A716720E3D66200A746FB /* SetTests.xctest */,
				361A717220E3D66200A746FB /* SetUITests.xctest */,
			);
			name = Products;
			sourceTree = "<group>";
		};
		361A715520E3D66100A746FB /* Set */ = {
			isa = PBXGroup;
			children = (
				361A718420E3D69600A746FB /* Supporting Files */,
				361A715820E3D66100A746FB /* ViewController.swift */,
				361A715F20E3D66100A746FB /* LaunchScreen.storyboard */,
				361A715A20E3D66100A746FB /* Main.storyboard */,
				361A716220E3D66200A746FB /* Info.plist */,
				36A0BEC020E55E7D000B80CD /* Set.swift */,
				36A0BEC220E55EB4000B80CD /* Card.swift */,
			);
			path = Set;
			sourceTree = "<group>";
		};
		361A716A20E3D66200A746FB /* SetTests */ = {
			isa = PBXGroup;
			children = (
				361A716B20E3D66200A746FB /* SetTests.swift */,
				361A716D20E3D66200A746FB /* Info.plist */,
			);
			path = SetTests;
			sourceTree = "<group>";
		};
		361A717520E3D66200A746FB /* SetUITests */ = {
			isa = PBXGroup;
			children = (
				361A717620E3D66200A746FB /* SetUITests.swift */,
				361A717820E3D66200A746FB /* Info.plist */,
			);
			path = SetUITests;
			sourceTree = "<group>";
		};
		361A718420E3D69600A746FB /* Supporting Files */ = {
			isa = PBXGroup;
			children = (
				361A715620E3D66100A746FB /* AppDelegate.swift */,
				361A715D20E3D66100A746FB /* Assets.xcassets */,
			);
			path = "Supporting Files";
			sourceTree = "<group>";
		};
/* End PBXGroup section */

/* Begin PBXNativeTarget section */
		361A715220E3D66100A746FB /* Set */ = {
			isa = PBXNativeTarget;
			buildConfigurationList = 361A717B20E3D66200A746FB /* Build configuration list for PBXNativeTarget "Set" */;
			buildPhases = (
				361A714F20E3D66100A746FB /* Sources */,
				361A715020E3D66100A746FB /* Frameworks */,
				361A715120E3D66100A746FB /* Resources */,
			);
			buildRules = (
			);
			dependencies = (
			);
			name = Set;
			productName = Set;
			productReference = 361A715320E3D66100A746FB /* Set.app */;
			productType = "com.apple.product-type.application";
		};
		361A716620E3D66200A746FB /* SetTests */ = {
			isa = PBXNativeTarget;
			buildConfigurationList = 361A717E20E3D66200A746FB /* Build configuration list for PBXNativeTarget "SetTests" */;
			buildPhases = (
				361A716320E3D66200A746FB /* Sources */,
				361A716420E3D66200A746FB /* Frameworks */,
				361A716520E3D66200A746FB /* Resources */,
			);
			buildRules = (
			);
			dependencies = (
				361A716920E3D66200A746FB /* PBXTargetDependency */,
			);
			name = SetTests;
			productName = SetTests;
			productReference = 361A716720E3D66200A746FB /* SetTests.xctest */;
			productType = "com.apple.product-type.bundle.unit-test";
		};
		361A717120E3D66200A746FB /* SetUITests */ = {
			isa = PBXNativeTarget;
			buildConfigurationList = 361A718120E3D66200A746FB /* Build configuration list for PBXNativeTarget "SetUITests" */;
			buildPhases = (
				361A716E20E3D66200A746FB /* Sources */,
				361A716F20E3D66200A746FB /* Frameworks */,
				361A717020E3D66200A746FB /* Resources */,
			);
			buildRules = (
			);
			dependencies = (
				361A717420E3D66200A746FB /* PBXTargetDependency */,
			);
			name = SetUITests;
			productName = SetUITests;
			productReference = 361A717220E3D66200A746FB /* SetUITests.xctest */;
			productType = "com.apple.product-type.bundle.ui-testing";
		};
/* End PBXNativeTarget section */

/* Begin PBXProject section */
		361A714B20E3D66100A746FB /* Project object */ = {
			isa = PBXProject;
			attributes = {
				LastSwiftUpdateCheck = 0910;
				LastUpgradeCheck = 0910;
				ORGANIZATIONNAME = "Karel Smejkal";
				TargetAttributes = {
					361A715220E3D66100A746FB = {
						CreatedOnToolsVersion = 9.1;
						ProvisioningStyle = Automatic;
					};
					361A716620E3D66200A746FB = {
						CreatedOnToolsVersion = 9.1;
						ProvisioningStyle = Automatic;
						TestTargetID = 361A715220E3D66100A746FB;
					};
					361A717120E3D66200A746FB = {
						CreatedOnToolsVersion = 9.1;
						ProvisioningStyle = Automatic;
						TestTargetID = 361A715220E3D66100A746FB;
					};
				};
			};
			buildConfigurationList = 361A714E20E3D66100A746FB /* Build configuration list for PBXProject "Set" */;
			compatibilityVersion = "Xcode 8.0";
			developmentRegion = en;
			hasScannedForEncodings = 0;
			knownRegions = (
				en,
				Base,
			);
			mainGroup = 361A714A20E3D66100A746FB;
			productRefGroup = 361A715420E3D66100A746FB /* Products */;
			projectDirPath = "";
			projectRoot = "";
			targets = (
				361A715220E3D66100A746FB /* Set */,
				361A716620E3D66200A746FB /* SetTests */,
				361A717120E3D66200A746FB /* SetUITests */,
			);
		};
/* End PBXProject section */

/* Begin PBXResourcesBuildPhase section */
		361A715120E3D66100A746FB /* Resources */ = {
			isa = PBXResourcesBuildPhase;
			buildActionMask = 2147483647;
			files = (
				361A716120E3D66100A746FB /* LaunchScreen.storyboard in Resources */,
				361A715E20E3D66100A746FB /* Assets.xcassets in Resources */,
				361A715C20E3D66100A746FB /* Main.storyboard in Resources */,
			);
			runOnlyForDeploymentPostprocessing = 0;
		};
		361A716520E3D66200A746FB /* Resources */ = {
			isa = PBXResourcesBuildPhase;
			buildActionMask = 2147483647;
			files = (
			);
			runOnlyForDeploymentPostprocessing = 0;
		};
		361A717020E3D66200A746FB /* Resources */ = {
			isa = PBXResourcesBuildPhase;
			buildActionMask = 2147483647;
			files = (
			);
			runOnlyForDeploymentPostprocessing = 0;
		};
/* End PBXResourcesBuildPhase section */

/* Begin PBXSourcesBuildPhase section */
		361A714F20E3D66100A746FB /* Sources */ = {
			isa = PBXSourcesBuildPhase;
			buildActionMask = 2147483647;
			files = (
				361A715920E3D66100A746FB /* ViewController.swift in Sources */,
				361A715720E3D66100A746FB /* AppDelegate.swift in Sources */,
				36A0BEC120E55E7D000B80CD /* Set.swift in Sources */,
				36A0BEC320E55EB4000B80CD /* Card.swift in Sources */,
			);
			runOnlyForDeploymentPostprocessing = 0;
		};
		361A716320E3D66200A746FB /* Sources */ = {
			isa = PBXSourcesBuildPhase;
			buildActionMask = 2147483647;
			files = (
				361A716C20E3D66200A746FB /* SetTests.swift in Sources */,
			);
			runOnlyForDeploymentPostprocessing = 0;
		};
		361A716E20E3D66200A746FB /* Sources */ = {
			isa = PBXSourcesBuildPhase;
			buildActionMask = 2147483647;
			files = (
				361A717720E3D66200A746FB /* SetUITests.swift in Sources */,
			);
			runOnlyForDeploymentPostprocessing = 0;
		};
/* End PBXSourcesBuildPhase section */

/* Begin PBXTargetDependency section */
		361A716920E3D66200A746FB /* PBXTargetDependency */ = {
			isa = PBXTargetDependency;
			target = 361A715220E3D66100A746FB /* Set */;
			targetProxy = 361A716820E3D66200A746FB /* PBXContainerItemProxy */;
		};
		361A717420E3D66200A746FB /* PBXTargetDependency */ = {
			isa = PBXTargetDependency;
			target = 361A715220E3D66100A746FB /* Set */;
			targetProxy = 361A717320E3D66200A746FB /* PBXContainerItemProxy */;
		};
/* End PBXTargetDependency section */

/* Begin PBXVariantGroup section */
		361A715A20E3D66100A746FB /* Main.storyboard */ = {
			isa = PBXVariantGroup;
			children = (
				361A715B20E3D66100A746FB /* Base */,
			);
			name = Main.storyboard;
			sourceTree = "<group>";
		};
		361A715F20E3D66100A746FB /* LaunchScreen.storyboard */ = {
			isa = PBXVariantGroup;
			children = (
				361A716020E3D66100A746FB /* Base */,
			);
			name = LaunchScreen.storyboard;
			sourceTree = "<group>";
		};
/* End PBXVariantGroup section */

/* Begin XCBuildConfiguration section */
		361A717920E3D66200A746FB /* Debug */ = {
			isa = XCBuildConfiguration;
			buildSettings = {
				ALWAYS_SEARCH_USER_PATHS = NO;
				CLANG_ANALYZER_NONNULL = YES;
				CLANG_ANALYZER_NUMBER_OBJECT_CONVERSION = YES_AGGRESSIVE;
				CLANG_CXX_LANGUAGE_STANDARD = "gnu++14";
				CLANG_CXX_LIBRARY = "libc++";
				CLANG_ENABLE_MODULES = YES;
				CLANG_ENABLE_OBJC_ARC = YES;
				CLANG_WARN_BLOCK_CAPTURE_AUTORELEASING = YES;
				CLANG_WARN_BOOL_CONVERSION = YES;
				CLANG_WARN_COMMA = YES;
				CLANG_WARN_CONSTANT_CONVERSION = YES;
				CLANG_WARN_DIRECT_OBJC_ISA_USAGE = YES_ERROR;
				CLANG_WARN_DOCUMENTATION_COMMENTS = YES;
				CLANG_WARN_EMPTY_BODY = YES;
				CLANG_WARN_ENUM_CONVERSION = YES;
				CLANG_WARN_INFINITE_RECURSION = YES;
				CLANG_WARN_INT_CONVERSION = YES;
				CLANG_WARN_NON_LITERAL_NULL_CONVERSION = YES;
				CLANG_WARN_OBJC_LITERAL_CONVERSION = YES;
				CLANG_WARN_OBJC_ROOT_CLASS = YES_ERROR;
				CLANG_WARN_RANGE_LOOP_ANALYSIS = YES;
				CLANG_WARN_STRICT_PROTOTYPES = YES;
				CLANG_WARN_SUSPICIOUS_MOVE = YES;
				CLANG_WARN_UNGUARDED_AVAILABILITY = YES_AGGRESSIVE;
				CLANG_WARN_UNREACHABLE_CODE = YES;
				CLANG_WARN__DUPLICATE_METHOD_MATCH = YES;
				CODE_SIGN_IDENTITY = "iPhone Developer";
				COPY_PHASE_STRIP = NO;
				DEBUG_INFORMATION_FORMAT = dwarf;
				ENABLE_STRICT_OBJC_MSGSEND = YES;
				ENABLE_TESTABILITY = YES;
				GCC_C_LANGUAGE_STANDARD = gnu11;
				GCC_DYNAMIC_NO_PIC = NO;
				GCC_NO_COMMON_BLOCKS = YES;
				GCC_OPTIMIZATION_LEVEL = 0;
				GCC_PREPROCESSOR_DEFINITIONS = (
					"DEBUG=1",
					"$(inherited)",
				);
				GCC_WARN_64_TO_32_BIT_CONVERSION = YES;
				GCC_WARN_ABOUT_RETURN_TYPE = YES_ERROR;
				GCC_WARN_UNDECLARED_SELECTOR = YES;
				GCC_WARN_UNINITIALIZED_AUTOS = YES_AGGRESSIVE;
				GCC_WARN_UNUSED_FUNCTION = YES;
				GCC_WARN_UNUSED_VARIABLE = YES;
				IPHONEOS_DEPLOYMENT_TARGET = 11.1;
				MTL_ENABLE_DEBUG_INFO = YES;
				ONLY_ACTIVE_ARCH = YES;
				SDKROOT = iphoneos;
				SWIFT_ACTIVE_COMPILATION_CONDITIONS = DEBUG;
				SWIFT_OPTIMIZATION_LEVEL = "-Onone";
			};
			name = Debug;
		};
		361A717A20E3D66200A746FB /* Release */ = {
			isa = XCBuildConfiguration;
			buildSettings = {
				ALWAYS_SEARCH_USER_PATHS = NO;
				CLANG_ANALYZER_NONNULL = YES;
				CLANG_ANALYZER_NUMBER_OBJECT_CONVERSION = YES_AGGRESSIVE;
				CLANG_CXX_LANGUAGE_STANDARD = "gnu++14";
				CLANG_CXX_LIBRARY = "libc++";
				CLANG_ENABLE_MODULES = YES;
				CLANG_ENABLE_OBJC_ARC = YES;
				CLANG_WARN_BLOCK_CAPTURE_AUTORELEASING = YES;
				CLANG_WARN_BOOL_CONVERSION = YES;
				CLANG_WARN_COMMA = YES;
				CLANG_WARN_CONSTANT_CONVERSION = YES;
				CLANG_WARN_DIRECT_OBJC_ISA_USAGE = YES_ERROR;
				CLANG_WARN_DOCUMENTATION_COMMENTS = YES;
				CLANG_WARN_EMPTY_BODY = YES;
				CLANG_WARN_ENUM_CONVERSION = YES;
				CLANG_WARN_INFINITE_RECURSION = YES;
				CLANG_WARN_INT_CONVERSION = YES;
				CLANG_WARN_NON_LITERAL_NULL_CONVERSION = YES;
				CLANG_WARN_OBJC_LITERAL_CONVERSION = YES;
				CLANG_WARN_OBJC_ROOT_CLASS = YES_ERROR;
				CLANG_WARN_RANGE_LOOP_ANALYSIS = YES;
				CLANG_WARN_STRICT_PROTOTYPES = YES;
				CLANG_WARN_SUSPICIOUS_MOVE = YES;
				CLANG_WARN_UNGUARDED_AVAILABILITY = YES_AGGRESSIVE;
				CLANG_WARN_UNREACHABLE_CODE = YES;
				CLANG_WARN__DUPLICATE_METHOD_MATCH = YES;
				CODE_SIGN_IDENTITY = "iPhone Developer";
				COPY_PHASE_STRIP = NO;
				DEBUG_INFORMATION_FORMAT = "dwarf-with-dsym";
				ENABLE_NS_ASSERTIONS = NO;
				ENABLE_STRICT_OBJC_MSGSEND = YES;
				GCC_C_LANGUAGE_STANDARD = gnu11;
				GCC_NO_COMMON_BLOCKS = YES;
				GCC_WARN_64_TO_32_BIT_CONVERSION = YES;
				GCC_WARN_ABOUT_RETURN_TYPE = YES_ERROR;
				GCC_WARN_UNDECLARED_SELECTOR = YES;
				GCC_WARN_UNINITIALIZED_AUTOS = YES_AGGRESSIVE;
				GCC_WARN_UNUSED_FUNCTION = YES;
				GCC_WARN_UNUSED_VARIABLE = YES;
				IPHONEOS_DEPLOYMENT_TARGET = 11.1;
				MTL_ENABLE_DEBUG_INFO = NO;
				SDKROOT = iphoneos;
				SWIFT_OPTIMIZATION_LEVEL = "-Owholemodule";
				VALIDATE_PRODUCT = YES;
			};
			name = Release;
		};
		361A717C20E3D66200A746FB /* Debug */ = {
			isa = XCBuildConfiguration;
			buildSettings = {
				ASSETCATALOG_COMPILER_APPICON_NAME = AppIcon;
				CODE_SIGN_STYLE = Automatic;
				INFOPLIST_FILE = Set/Info.plist;
				LD_RUNPATH_SEARCH_PATHS = "$(inherited) @executable_path/Frameworks";
				PRODUCT_BUNDLE_IDENTIFIER = com.karelsmejkal.Set;
				PRODUCT_NAME = "$(TARGET_NAME)";
				SWIFT_VERSION = 4.0;
				TARGETED_DEVICE_FAMILY = "1,2";
			};
			name = Debug;
		};
		361A717D20E3D66200A746FB /* Release */ = {
			isa = XCBuildConfiguration;
			buildSettings = {
				ASSETCATALOG_COMPILER_APPICON_NAME = AppIcon;
				CODE_SIGN_STYLE = Automatic;
				INFOPLIST_FILE = Set/Info.plist;
				LD_RUNPATH_SEARCH_PATHS = "$(inherited) @executable_path/Frameworks";
				PRODUCT_BUNDLE_IDENTIFIER = com.karelsmejkal.Set;
				PRODUCT_NAME = "$(TARGET_NAME)";
				SWIFT_VERSION = 4.0;
				TARGETED_DEVICE_FAMILY = "1,2";
			};
			name = Release;
		};
		361A717F20E3D66200A746FB /* Debug */ = {
			isa = XCBuildConfiguration;
			buildSettings = {
				ALWAYS_EMBED_SWIFT_STANDARD_LIBRARIES = YES;
				BUNDLE_LOADER = "$(TEST_HOST)";
				CODE_SIGN_STYLE = Automatic;
				INFOPLIST_FILE = SetTests/Info.plist;
				LD_RUNPATH_SEARCH_PATHS = "$(inherited) @executable_path/Frameworks @loader_path/Frameworks";
				PRODUCT_BUNDLE_IDENTIFIER = com.karelsmejkal.SetTests;
				PRODUCT_NAME = "$(TARGET_NAME)";
				SWIFT_VERSION = 4.0;
				TARGETED_DEVICE_FAMILY = "1,2";
				TEST_HOST = "$(BUILT_PRODUCTS_DIR)/Set.app/Set";
			};
			name = Debug;
		};
		361A718020E3D66200A746FB /* Release */ = {
			isa = XCBuildConfiguration;
			buildSettings = {
				ALWAYS_EMBED_SWIFT_STANDARD_LIBRARIES = YES;
				BUNDLE_LOADER = "$(TEST_HOST)";
				CODE_SIGN_STYLE = Automatic;
				INFOPLIST_FILE = SetTests/Info.plist;
				LD_RUNPATH_SEARCH_PATHS = "$(inherited) @executable_path/Frameworks @loader_path/Frameworks";
				PRODUCT_BUNDLE_IDENTIFIER = com.karelsmejkal.SetTests;
				PRODUCT_NAME = "$(TARGET_NAME)";
				SWIFT_VERSION = 4.0;
				TARGETED_DEVICE_FAMILY = "1,2";
				TEST_HOST = "$(BUILT_PRODUCTS_DIR)/Set.app/Set";
			};
			name = Release;
		};
		361A718220E3D66200A746FB /* Debug */ = {
			isa = XCBuildConfiguration;
			buildSettings = {
				ALWAYS_EMBED_SWIFT_STANDARD_LIBRARIES = YES;
				CODE_SIGN_STYLE = Automatic;
				INFOPLIST_FILE = SetUITests/Info.plist;
				LD_RUNPATH_SEARCH_PATHS = "$(inherited) @executable_path/Frameworks @loader_path/Frameworks";
				PRODUCT_BUNDLE_IDENTIFIER = com.karelsmejkal.SetUITests;
				PRODUCT_NAME = "$(TARGET_NAME)";
				SWIFT_VERSION = 4.0;
				TARGETED_DEVICE_FAMILY = "1,2";
				TEST_TARGET_NAME = Set;
			};
			name = Debug;
		};
		361A718320E3D66200A746FB /* Release */ = {
			isa = XCBuildConfiguration;
			buildSettings = {
				ALWAYS_EMBED_SWIFT_STANDARD_LIBRARIES = YES;
				CODE_SIGN_STYLE = Automatic;
				INFOPLIST_FILE = SetUITests/Info.plist;
				LD_RUNPATH_SEARCH_PATHS = "$(inherited) @executable_path/Frameworks @loader_path/Frameworks";
				PRODUCT_BUNDLE_IDENTIFIER = com.karelsmejkal.SetUITests;
				PRODUCT_NAME = "$(TARGET_NAME)";
				SWIFT_VERSION = 4.0;
				TARGETED_DEVICE_FAMILY = "1,2";
				TEST_TARGET_NAME = Set;
			};
			name = Release;
		};
/* End XCBuildConfiguration section */

/* Begin XCConfigurationList section */
		361A714E20E3D66100A746FB /* Build configuration list for PBXProject "Set" */ = {
			isa = XCConfigurationList;
			buildConfigurations = (
				361A717920E3D66200A746FB /* Debug */,
				361A717A20E3D66200A746FB /* Release */,
			);
			defaultConfigurationIsVisible = 0;
			defaultConfigurationName = Release;
		};
		361A717B20E3D66200A746FB /* Build configuration list for PBXNativeTarget "Set" */ = {
			isa = XCConfigurationList;
			buildConfigurations = (
				361A717C20E3D66200A746FB /* Debug */,
				361A717D20E3D66200A746FB /* Release */,
			);
			defaultConfigurationIsVisible = 0;
			defaultConfigurationName = Release;
		};
		361A717E20E3D66200A746FB /* Build configuration list for PBXNativeTarget "SetTests" */ = {
			isa = XCConfigurationList;
			buildConfigurations = (
				361A717F20E3D66200A746FB /* Debug */,
				361A718020E3D66200A746FB /* Release */,
			);
			defaultConfigurationIsVisible = 0;
			defaultConfigurationName = Release;
		};
		361A718120E3D66200A746FB /* Build configuration list for PBXNativeTarget "SetUITests" */ = {
			isa = XCConfigurationList;
			buildConfigurations = (
				361A718220E3D66200A746FB /* Debug */,
				361A718320E3D66200A746FB /* Release */,
			);
			defaultConfigurationIsVisible = 0;
			defaultConfigurationName = Release;
		};
/* End XCConfigurationList section */
	};
	rootObject = 361A714B20E3D66100A746FB /* Project object */;
}
